
Microsoft Visual Studio Solution File, Format Version 12.00
# Visual Studio Version 16
VisualStudioVersion = 16.0.31727.386
MinimumVisualStudioVersion = 10.0.40219.1
Project("{8BC9CEB8-8B4A-11D0-8D11-00A0C91BC942}") = "T2.1", "T2.1\T2.1.vcxproj", "{CEC6C654-D5D7-48B6-A763-5FADE64FFD6D}"
EndProject
Global
	GlobalSection(SolutionConfigurationPlatforms) = preSolution
		Debug|x64 = Debug|x64
		Debug|x86 = Debug|x86
		Release|x64 = Release|x64
		Release|x86 = Release|x86
	EndGlobalSection
	GlobalSection(ProjectConfigurationPlatforms) = postSolution
		{CEC6C654-D5D7-48B6-A763-5FADE64FFD6D}.Debug|x64.ActiveCfg = Debug|x64
		{CEC6C654-D5D7-48B6-A763-5FADE64FFD6D}.Debug|x64.Build.0 = Debug|x64
		{CEC6C654-D5D7-48B6-A763-5FADE64FFD6D}.Debug|x86.ActiveCfg = Debug|Win32
		{CEC6C654-D5D7-48B6-A763-5FADE64FFD6D}.Debug|x86.Build.0 = Debug|Win32
		{CEC6C654-D5D7-48B6-A763-5FADE64FFD6D}.Release|x64.ActiveCfg = Release|x64
		{CEC6C654-D5D7-48B6-A763-5FADE64FFD6D}.Release|x64.Build.0 = Release|x64
		{CEC6C654-D5D7-48B6-A763-5FADE64FFD6D}.Release|x86.ActiveCfg = Release|Win32
		{CEC6C654-D5D7-48B6-A763-5FADE64FFD6D}.Release|x86.Build.0 = Release|Win32
	EndGlobalSection
	GlobalSection(SolutionProperties) = preSolution
		HideSolutionNode = FALSE
	EndGlobalSection
	GlobalSection(ExtensibilityGlobals) = postSolution
		SolutionGuid = {021BC18A-FD3C-486A-90E1-46B5845834A6}
	EndGlobalSection
EndGlobal
